// !$*UTF8*$!
{
	archiveVersion = 1;
	classes = {
	};
	objectVersion = 50;
	objects = {

/* Begin PBXBuildFile section */
		969263132482B3630080172B /* AppDelegate.swift in Sources */ = {isa = PBXBuildFile; fileRef = 969263122482B3630080172B /* AppDelegate.swift */; };
		969263152482B3630080172B /* SceneDelegate.swift in Sources */ = {isa = PBXBuildFile; fileRef = 969263142482B3630080172B /* SceneDelegate.swift */; };
		969263182482B3630080172B /* CoreDataProject.xcdatamodeld in Sources */ = {isa = PBXBuildFile; fileRef = 969263162482B3630080172B /* CoreDataProject.xcdatamodeld */; };
		9692631A2482B3630080172B /* ContentView.swift in Sources */ = {isa = PBXBuildFile; fileRef = 969263192482B3630080172B /* ContentView.swift */; };
		9692631C2482B3660080172B /* Assets.xcassets in Resources */ = {isa = PBXBuildFile; fileRef = 9692631B2482B3660080172B /* Assets.xcassets */; };
		9692631F2482B3660080172B /* Preview Assets.xcassets in Resources */ = {isa = PBXBuildFile; fileRef = 9692631E2482B3660080172B /* Preview Assets.xcassets */; };
		969263222482B3660080172B /* LaunchScreen.storyboard in Resources */ = {isa = PBXBuildFile; fileRef = 969263202482B3660080172B /* LaunchScreen.storyboard */; };
		9692632B2482BB7D0080172B /* Movie+CoreDataClass.swift in Sources */ = {isa = PBXBuildFile; fileRef = 969263292482BB7D0080172B /* Movie+CoreDataClass.swift */; };
		9692632C2482BB7D0080172B /* Movie+CoreDataProperties.swift in Sources */ = {isa = PBXBuildFile; fileRef = 9692632A2482BB7D0080172B /* Movie+CoreDataProperties.swift */; };
		96E1394424855F4A007BCD50 /* Singer+CoreDataClass.swift in Sources */ = {isa = PBXBuildFile; fileRef = 96E1394224855F4A007BCD50 /* Singer+CoreDataClass.swift */; };
		96E1394524855F4A007BCD50 /* Singer+CoreDataProperties.swift in Sources */ = {isa = PBXBuildFile; fileRef = 96E1394324855F4A007BCD50 /* Singer+CoreDataProperties.swift */; };
		96E13947248565B1007BCD50 /* FilteredView.swift in Sources */ = {isa = PBXBuildFile; fileRef = 96E13946248565B1007BCD50 /* FilteredView.swift */; };
		96E1394C24857F4D007BCD50 /* Country+CoreDataClass.swift in Sources */ = {isa = PBXBuildFile; fileRef = 96E1394824857F4D007BCD50 /* Country+CoreDataClass.swift */; };
		96E1394D24857F4D007BCD50 /* Country+CoreDataProperties.swift in Sources */ = {isa = PBXBuildFile; fileRef = 96E1394924857F4D007BCD50 /* Country+CoreDataProperties.swift */; };
		96E1394E24857F4D007BCD50 /* Candy+CoreDataClass.swift in Sources */ = {isa = PBXBuildFile; fileRef = 96E1394A24857F4D007BCD50 /* Candy+CoreDataClass.swift */; };
		96E1394F24857F4D007BCD50 /* Candy+CoreDataProperties.swift in Sources */ = {isa = PBXBuildFile; fileRef = 96E1394B24857F4D007BCD50 /* Candy+CoreDataProperties.swift */; };
/* End PBXBuildFile section */

/* Begin PBXFileReference section */
		9692630F2482B3630080172B /* CoreDataProject.app */ = {isa = PBXFileReference; explicitFileType = wrapper.application; includeInIndex = 0; path = CoreDataProject.app; sourceTree = BUILT_PRODUCTS_DIR; };
		969263122482B3630080172B /* AppDelegate.swift */ = {isa = PBXFileReference; lastKnownFileType = sourcecode.swift; path = AppDelegate.swift; sourceTree = "<group>"; };
		969263142482B3630080172B /* SceneDelegate.swift */ = {isa = PBXFileReference; lastKnownFileType = sourcecode.swift; path = SceneDelegate.swift; sourceTree = "<group>"; };
		969263172482B3630080172B /* CoreDataProject.xcdatamodel */ = {isa = PBXFileReference; lastKnownFileType = wrapper.xcdatamodel; path = CoreDataProject.xcdatamodel; sourceTree = "<group>"; };
		969263192482B3630080172B /* ContentView.swift */ = {isa = PBXFileReference; lastKnownFileType = sourcecode.swift; path = ContentView.swift; sourceTree = "<group>"; };
		9692631B2482B3660080172B /* Assets.xcassets */ = {isa = PBXFileReference; lastKnownFileType = folder.assetcatalog; path = Assets.xcassets; sourceTree = "<group>"; };
		9692631E2482B3660080172B /* Preview Assets.xcassets */ = {isa = PBXFileReference; lastKnownFileType = folder.assetcatalog; path = "Preview Assets.xcassets"; sourceTree = "<group>"; };
		969263212482B3660080172B /* Base */ = {isa = PBXFileReference; lastKnownFileType = file.storyboard; name = Base; path = Base.lproj/LaunchScreen.storyboard; sourceTree = "<group>"; };
		969263232482B3660080172B /* Info.plist */ = {isa = PBXFileReference; lastKnownFileType = text.plist.xml; path = Info.plist; sourceTree = "<group>"; };
		969263292482BB7D0080172B /* Movie+CoreDataClass.swift */ = {isa = PBXFileReference; lastKnownFileType = sourcecode.swift; path = "Movie+CoreDataClass.swift"; sourceTree = "<group>"; };
		9692632A2482BB7D0080172B /* Movie+CoreDataProperties.swift */ = {isa = PBXFileReference; lastKnownFileType = sourcecode.swift; path = "Movie+CoreDataProperties.swift"; sourceTree = "<group>"; };
		96E1394224855F4A007BCD50 /* Singer+CoreDataClass.swift */ = {isa = PBXFileReference; lastKnownFileType = sourcecode.swift; path = "Singer+CoreDataClass.swift"; sourceTree = SOURCE_ROOT; };
		96E1394324855F4A007BCD50 /* Singer+CoreDataProperties.swift */ = {isa = PBXFileReference; lastKnownFileType = sourcecode.swift; path = "Singer+CoreDataProperties.swift"; sourceTree = SOURCE_ROOT; };
		96E13946248565B1007BCD50 /* FilteredView.swift */ = {isa = PBXFileReference; lastKnownFileType = sourcecode.swift; path = FilteredView.swift; sourceTree = "<group>"; };
		96E1394824857F4D007BCD50 /* Country+CoreDataClass.swift */ = {isa = PBXFileReference; lastKnownFileType = sourcecode.swift; path = "Country+CoreDataClass.swift"; sourceTree = SOURCE_ROOT; };
		96E1394924857F4D007BCD50 /* Country+CoreDataProperties.swift */ = {isa = PBXFileReference; lastKnownFileType = sourcecode.swift; path = "Country+CoreDataProperties.swift"; sourceTree = SOURCE_ROOT; };
		96E1394A24857F4D007BCD50 /* Candy+CoreDataClass.swift */ = {isa = PBXFileReference; lastKnownFileType = sourcecode.swift; path = "Candy+CoreDataClass.swift"; sourceTree = SOURCE_ROOT; };
		96E1394B24857F4D007BCD50 /* Candy+CoreDataProperties.swift */ = {isa = PBXFileReference; lastKnownFileType = sourcecode.swift; path = "Candy+CoreDataProperties.swift"; sourceTree = SOURCE_ROOT; };
/* End PBXFileReference section */

/* Begin PBXFrameworksBuildPhase section */
		9692630C2482B3630080172B /* Frameworks */ = {
			isa = PBXFrameworksBuildPhase;
			buildActionMask = 2147483647;
			files = (
			);
			runOnlyForDeploymentPostprocessing = 0;
		};
/* End PBXFrameworksBuildPhase section */

/* Begin PBXGroup section */
		969263062482B3630080172B = {
			isa = PBXGroup;
			children = (
				969263112482B3630080172B /* CoreDataProject */,
				969263102482B3630080172B /* Products */,
			);
			sourceTree = "<group>";
		};
		969263102482B3630080172B /* Products */ = {
			isa = PBXGroup;
			children = (
				9692630F2482B3630080172B /* CoreDataProject.app */,
			);
			name = Products;
			sourceTree = "<group>";
		};
		969263112482B3630080172B /* CoreDataProject */ = {
			isa = PBXGroup;
			children = (
				96E1394824857F4D007BCD50 /* Country+CoreDataClass.swift */,
				96E1394924857F4D007BCD50 /* Country+CoreDataProperties.swift */,
				96E1394A24857F4D007BCD50 /* Candy+CoreDataClass.swift */,
				96E1394B24857F4D007BCD50 /* Candy+CoreDataProperties.swift */,
				96E1394224855F4A007BCD50 /* Singer+CoreDataClass.swift */,
				96E1394324855F4A007BCD50 /* Singer+CoreDataProperties.swift */,
				969263292482BB7D0080172B /* Movie+CoreDataClass.swift */,
				9692632A2482BB7D0080172B /* Movie+CoreDataProperties.swift */,
				969263122482B3630080172B /* AppDelegate.swift */,
				969263142482B3630080172B /* SceneDelegate.swift */,
				969263192482B3630080172B /* ContentView.swift */,
				96E13946248565B1007BCD50 /* FilteredView.swift */,
				9692631B2482B3660080172B /* Assets.xcassets */,
				969263202482B3660080172B /* LaunchScreen.storyboard */,
				969263232482B3660080172B /* Info.plist */,
				969263162482B3630080172B /* CoreDataProject.xcdatamodeld */,
				9692631D2482B3660080172B /* Preview Content */,
			);
			path = CoreDataProject;
			sourceTree = "<group>";
		};
		9692631D2482B3660080172B /* Preview Content */ = {
			isa = PBXGroup;
			children = (
				9692631E2482B3660080172B /* Preview Assets.xcassets */,
			);
			path = "Preview Content";
			sourceTree = "<group>";
		};
/* End PBXGroup section */

/* Begin PBXNativeTarget section */
		9692630E2482B3630080172B /* CoreDataProject */ = {
			isa = PBXNativeTarget;
			buildConfigurationList = 969263262482B3660080172B /* Build configuration list for PBXNativeTarget "CoreDataProject" */;
			buildPhases = (
				9692630B2482B3630080172B /* Sources */,
				9692630C2482B3630080172B /* Frameworks */,
				9692630D2482B3630080172B /* Resources */,
			);
			buildRules = (
			);
			dependencies = (
			);
			name = CoreDataProject;
			productName = CoreDataProject;
			productReference = 9692630F2482B3630080172B /* CoreDataProject.app */;
			productType = "com.apple.product-type.application";
		};
/* End PBXNativeTarget section */

/* Begin PBXProject section */
		969263072482B3630080172B /* Project object */ = {
			isa = PBXProject;
			attributes = {
				LastSwiftUpdateCheck = 1150;
				LastUpgradeCheck = 1150;
				ORGANIZATIONNAME = "Chris Wu";
				TargetAttributes = {
					9692630E2482B3630080172B = {
						CreatedOnToolsVersion = 11.5;
					};
				};
			};
			buildConfigurationList = 9692630A2482B3630080172B /* Build configuration list for PBXProject "CoreDataProject" */;
			compatibilityVersion = "Xcode 9.3";
			developmentRegion = en;
			hasScannedForEncodings = 0;
			knownRegions = (
				en,
				Base,
			);
			mainGroup = 969263062482B3630080172B;
			productRefGroup = 969263102482B3630080172B /* Products */;
			projectDirPath = "";
			projectRoot = "";
			targets = (
				9692630E2482B3630080172B /* CoreDataProject */,
			);
		};
/* End PBXProject section */

/* Begin PBXResourcesBuildPhase section */
		9692630D2482B3630080172B /* Resources */ = {
			isa = PBXResourcesBuildPhase;
			buildActionMask = 2147483647;
			files = (
				969263222482B3660080172B /* LaunchScreen.storyboard in Resources */,
				9692631F2482B3660080172B /* Preview Assets.xcassets in Resources */,
				9692631C2482B3660080172B /* Assets.xcassets in Resources */,
			);
			runOnlyForDeploymentPostprocessing = 0;
		};
/* End PBXResourcesBuildPhase section */

/* Begin PBXSourcesBuildPhase section */
		9692630B2482B3630080172B /* Sources */ = {
			isa = PBXSourcesBuildPhase;
			buildActionMask = 2147483647;
			files = (
				96E13947248565B1007BCD50 /* FilteredView.swift in Sources */,
				96E1394424855F4A007BCD50 /* Singer+CoreDataClass.swift in Sources */,
				969263132482B3630080172B /* AppDelegate.swift in Sources */,
				969263152482B3630080172B /* SceneDelegate.swift in Sources */,
				9692631A2482B3630080172B /* ContentView.swift in Sources */,
				96E1394F24857F4D007BCD50 /* Candy+CoreDataProperties.swift in Sources */,
				9692632B2482BB7D0080172B /* Movie+CoreDataClass.swift in Sources */,
				96E1394D24857F4D007BCD50 /* Country+CoreDataProperties.swift in Sources */,
				96E1394524855F4A007BCD50 /* Singer+CoreDataProperties.swift in Sources */,
				9692632C2482BB7D0080172B /* Movie+CoreDataProperties.swift in Sources */,
				96E1394C24857F4D007BCD50 /* Country+CoreDataClass.swift in Sources */,
				969263182482B3630080172B /* CoreDataProject.xcdatamodeld in Sources */,
				96E1394E24857F4D007BCD50 /* Candy+CoreDataClass.swift in Sources */,
			);
			runOnlyForDeploymentPostprocessing = 0;
		};
/* End PBXSourcesBuildPhase section */

/* Begin PBXVariantGroup section */
		969263202482B3660080172B /* LaunchScreen.storyboard */ = {
			isa = PBXVariantGroup;
			children = (
				969263212482B3660080172B /* Base */,
			);
			name = LaunchScreen.storyboard;
			sourceTree = "<group>";
		};
/* End PBXVariantGroup section */

/* Begin XCBuildConfiguration section */
		969263242482B3660080172B /* Debug */ = {
			isa = XCBuildConfiguration;
			buildSettings = {
				ALWAYS_SEARCH_USER_PATHS = NO;
				CLANG_ANALYZER_NONNULL = YES;
				CLANG_ANALYZER_NUMBER_OBJECT_CONVERSION = YES_AGGRESSIVE;
				CLANG_CXX_LANGUAGE_STANDARD = "gnu++14";
				CLANG_CXX_LIBRARY = "libc++";
				CLANG_ENABLE_MODULES = YES;
				CLANG_ENABLE_OBJC_ARC = YES;
				CLANG_ENABLE_OBJC_WEAK = YES;
				CLANG_WARN_BLOCK_CAPTURE_AUTORELEASING = YES;
				CLANG_WARN_BOOL_CONVERSION = YES;
				CLANG_WARN_COMMA = YES;
				CLANG_WARN_CONSTANT_CONVERSION = YES;
				CLANG_WARN_DEPRECATED_OBJC_IMPLEMENTATIONS = YES;
				CLANG_WARN_DIRECT_OBJC_ISA_USAGE = YES_ERROR;
				CLANG_WARN_DOCUMENTATION_COMMENTS = YES;
				CLANG_WARN_EMPTY_BODY = YES;
				CLANG_WARN_ENUM_CONVERSION = YES;
				CLANG_WARN_INFINITE_RECURSION = YES;
				CLANG_WARN_INT_CONVERSION = YES;
				CLANG_WARN_NON_LITERAL_NULL_CONVERSION = YES;
				CLANG_WARN_OBJC_IMPLICIT_RETAIN_SELF = YES;
				CLANG_WARN_OBJC_LITERAL_CONVERSION = YES;
				CLANG_WARN_OBJC_ROOT_CLASS = YES_ERROR;
				CLANG_WARN_RANGE_LOOP_ANALYSIS = YES;
				CLANG_WARN_STRICT_PROTOTYPES = YES;
				CLANG_WARN_SUSPICIOUS_MOVE = YES;
				CLANG_WARN_UNGUARDED_AVAILABILITY = YES_AGGRESSIVE;
				CLANG_WARN_UNREACHABLE_CODE = YES;
				CLANG_WARN__DUPLICATE_METHOD_MATCH = YES;
				COPY_PHASE_STRIP = NO;
				DEBUG_INFORMATION_FORMAT = dwarf;
				ENABLE_STRICT_OBJC_MSGSEND = YES;
				ENABLE_TESTABILITY = YES;
				GCC_C_LANGUAGE_STANDARD = gnu11;
				GCC_DYNAMIC_NO_PIC = NO;
				GCC_NO_COMMON_BLOCKS = YES;
				GCC_OPTIMIZATION_LEVEL = 0;
				GCC_PREPROCESSOR_DEFINITIONS = (
					"DEBUG=1",
					"$(inherited)",
				);
				GCC_WARN_64_TO_32_BIT_CONVERSION = YES;
				GCC_WARN_ABOUT_RETURN_TYPE = YES_ERROR;
				GCC_WARN_UNDECLARED_SELECTOR = YES;
				GCC_WARN_UNINITIALIZED_AUTOS = YES_AGGRESSIVE;
				GCC_WARN_UNUSED_FUNCTION = YES;
				GCC_WARN_UNUSED_VARIABLE = YES;
				IPHONEOS_DEPLOYMENT_TARGET = 13.5;
				MTL_ENABLE_DEBUG_INFO = INCLUDE_SOURCE;
				MTL_FAST_MATH = YES;
				ONLY_ACTIVE_ARCH = YES;
				SDKROOT = iphoneos;
				SWIFT_ACTIVE_COMPILATION_CONDITIONS = DEBUG;
				SWIFT_OPTIMIZATION_LEVEL = "-Onone";
			};
			name = Debug;
		};
		969263252482B3660080172B /* Release */ = {
			isa = XCBuildConfiguration;
			buildSettings = {
				ALWAYS_SEARCH_USER_PATHS = NO;
				CLANG_ANALYZER_NONNULL = YES;
				CLANG_ANALYZER_NUMBER_OBJECT_CONVERSION = YES_AGGRESSIVE;
				CLANG_CXX_LANGUAGE_STANDARD = "gnu++14";
				CLANG_CXX_LIBRARY = "libc++";
				CLANG_ENABLE_MODULES = YES;
				CLANG_ENABLE_OBJC_ARC = YES;
				CLANG_ENABLE_OBJC_WEAK = YES;
				CLANG_WARN_BLOCK_CAPTURE_AUTORELEASING = YES;
				CLANG_WARN_BOOL_CONVERSION = YES;
				CLANG_WARN_COMMA = YES;
				CLANG_WARN_CONSTANT_CONVERSION = YES;
				CLANG_WARN_DEPRECATED_OBJC_IMPLEMENTATIONS = YES;
				CLANG_WARN_DIRECT_OBJC_ISA_USAGE = YES_ERROR;
				CLANG_WARN_DOCUMENTATION_COMMENTS = YES;
				CLANG_WARN_EMPTY_BODY = YES;
				CLANG_WARN_ENUM_CONVERSION = YES;
				CLANG_WARN_INFINITE_RECURSION = YES;
				CLANG_WARN_INT_CONVERSION = YES;
				CLANG_WARN_NON_LITERAL_NULL_CONVERSION = YES;
				CLANG_WARN_OBJC_IMPLICIT_RETAIN_SELF = YES;
				CLANG_WARN_OBJC_LITERAL_CONVERSION = YES;
				CLANG_WARN_OBJC_ROOT_CLASS = YES_ERROR;
				CLANG_WARN_RANGE_LOOP_ANALYSIS = YES;
				CLANG_WARN_STRICT_PROTOTYPES = YES;
				CLANG_WARN_SUSPICIOUS_MOVE = YES;
				CLANG_WARN_UNGUARDED_AVAILABILITY = YES_AGGRESSIVE;
				CLANG_WARN_UNREACHABLE_CODE = YES;
				CLANG_WARN__DUPLICATE_METHOD_MATCH = YES;
				COPY_PHASE_STRIP = NO;
				DEBUG_INFORMATION_FORMAT = "dwarf-with-dsym";
				ENABLE_NS_ASSERTIONS = NO;
				ENABLE_STRICT_OBJC_MSGSEND = YES;
				GCC_C_LANGUAGE_STANDARD = gnu11;
				GCC_NO_COMMON_BLOCKS = YES;
				GCC_WARN_64_TO_32_BIT_CONVERSION = YES;
				GCC_WARN_ABOUT_RETURN_TYPE = YES_ERROR;
				GCC_WARN_UNDECLARED_SELECTOR = YES;
				GCC_WARN_UNINITIALIZED_AUTOS = YES_AGGRESSIVE;
				GCC_WARN_UNUSED_FUNCTION = YES;
				GCC_WARN_UNUSED_VARIABLE = YES;
				IPHONEOS_DEPLOYMENT_TARGET = 13.5;
				MTL_ENABLE_DEBUG_INFO = NO;
				MTL_FAST_MATH = YES;
				SDKROOT = iphoneos;
				SWIFT_COMPILATION_MODE = wholemodule;
				SWIFT_OPTIMIZATION_LEVEL = "-O";
				VALIDATE_PRODUCT = YES;
			};
			name = Release;
		};
		969263272482B3660080172B /* Debug */ = {
			isa = XCBuildConfiguration;
			buildSettings = {
				ASSETCATALOG_COMPILER_APPICON_NAME = AppIcon;
				CODE_SIGN_STYLE = Automatic;
				DEVELOPMENT_ASSET_PATHS = "\"CoreDataProject/Preview Content\"";
				ENABLE_PREVIEWS = YES;
				INFOPLIST_FILE = CoreDataProject/Info.plist;
				LD_RUNPATH_SEARCH_PATHS = (
					"$(inherited)",
					"@executable_path/Frameworks",
				);
				PRODUCT_BUNDLE_IDENTIFIER = edu.self.CoreDataProject;
				PRODUCT_NAME = "$(TARGET_NAME)";
				SWIFT_VERSION = 5.0;
				TARGETED_DEVICE_FAMILY = "1,2";
			};
			name = Debug;
		};
		969263282482B3660080172B /* Release */ = {
			isa = XCBuildConfiguration;
			buildSettings = {
				ASSETCATALOG_COMPILER_APPICON_NAME = AppIcon;
				CODE_SIGN_STYLE = Automatic;
				DEVELOPMENT_ASSET_PATHS = "\"CoreDataProject/Preview Content\"";
				ENABLE_PREVIEWS = YES;
				INFOPLIST_FILE = CoreDataProject/Info.plist;
				LD_RUNPATH_SEARCH_PATHS = (
					"$(inherited)",
					"@executable_path/Frameworks",
				);
				PRODUCT_BUNDLE_IDENTIFIER = edu.self.CoreDataProject;
				PRODUCT_NAME = "$(TARGET_NAME)";
				SWIFT_VERSION = 5.0;
				TARGETED_DEVICE_FAMILY = "1,2";
			};
			name = Release;
		};
/* End XCBuildConfiguration section */

/* Begin XCConfigurationList section */
		9692630A2482B3630080172B /* Build configuration list for PBXProject "CoreDataProject" */ = {
			isa = XCConfigurationList;
			buildConfigurations = (
				969263242482B3660080172B /* Debug */,
				969263252482B3660080172B /* Release */,
			);
			defaultConfigurationIsVisible = 0;
			defaultConfigurationName = Release;
		};
		969263262482B3660080172B /* Build configuration list for PBXNativeTarget "CoreDataProject" */ = {
			isa = XCConfigurationList;
			buildConfigurations = (
				969263272482B3660080172B /* Debug */,
				969263282482B3660080172B /* Release */,
			);
			defaultConfigurationIsVisible = 0;
			defaultConfigurationName = Release;
		};
/* End XCConfigurationList section */

/* Begin XCVersionGroup section */
		969263162482B3630080172B /* CoreDataProject.xcdatamodeld */ = {
			isa = XCVersionGroup;
			children = (
				969263172482B3630080172B /* CoreDataProject.xcdatamodel */,
			);
			currentVersion = 969263172482B3630080172B /* CoreDataProject.xcdatamodel */;
			path = CoreDataProject.xcdatamodeld;
			sourceTree = "<group>";
			versionGroupType = wrapper.xcdatamodel;
		};
/* End XCVersionGroup section */
	};
	rootObject = 969263072482B3630080172B /* Project object */;
}
